{
  "name": "dinnernode-contracts",
  "lockfileVersion": 3,
  "requires": true,
  "packages": {
    "": {
      "name": "dinnernode-contracts",
      "dependencies": {
        "@zk-kit/lean-imt.sol": "2.0.1",
        "poseidon-solidity": "0.0.5"
      }
    },
    "node_modules/@zk-kit/lean-imt.sol": {
      "version": "2.0.1",
      "resolved": "https://registry.npmjs.org/@zk-kit/lean-imt.sol/-/lean-imt.sol-2.0.1.tgz",
      "integrity": "sha512-2dy/wfzch2vy5QtDCFmQwN7E4GZP0xBcucTb2mfZoJP5V69cjPRdy6KcbS0YOcBMH/Lb7BgXLsekRYjh9JNKEw==",
      "license": "MIT",
      "dependencies": {
        "poseidon-solidity": "0.0.5"
      }
    },
    "node_modules/poseidon-solidity": {
      "version": "0.0.5",
      "resolved": "https://registry.npmjs.org/poseidon-solidity/-/poseidon-solidity-0.0.5.tgz",
      "integrity": "sha512-NzrvSwHzvZgT4hvg2GyGqeR+UOU/eLSEt4wAoXEua+VaR7NTKKwx1X9bPlh1VMBEVEno+IWvkRBbidFGzTeAqQ==",
      "license": "MIT"
    }
  }
}
